
Microsoft Visual Studio Solution File, Format Version 12.00
# Visual Studio Version 17
VisualStudioVersion = 17.9.34723.18
MinimumVisualStudioVersion = 10.0.40219.1
Project("{9A19103F-16F7-4668-BE54-9A1E7A4F7556}") = "SteamNexus", "SteamNexus\SteamNexus.csproj", "{E6CA5EE2-84DC-492B-BEBE-A88B93E38217}"
EndProject
Project("{9A19103F-16F7-4668-BE54-9A1E7A4F7556}") = "SteamNexus_Server", "SteamNexus_Server\SteamNexus_Server.csproj", "{8E34F2AA-64F4-4A4D-8523-4917F52DE994}"
EndProject
Project("{54A90642-561A-4BB1-A94E-469ADEE60C69}") = "steamnexus_client", "steamnexus_client\steamnexus_client.esproj", "{F9A46479-B04B-4524-A771-D7BD32F90931}"
EndProject
Global
	GlobalSection(SolutionConfigurationPlatforms) = preSolution
		Debug|Any CPU = Debug|Any CPU
		Release|Any CPU = Release|Any CPU
	EndGlobalSection
	GlobalSection(ProjectConfigurationPlatforms) = postSolution
		{E6CA5EE2-84DC-492B-BEBE-A88B93E38217}.Debug|Any CPU.ActiveCfg = Debug|Any CPU
		{E6CA5EE2-84DC-492B-BEBE-A88B93E38217}.Debug|Any CPU.Build.0 = Debug|Any CPU
		{E6CA5EE2-84DC-492B-BEBE-A88B93E38217}.Release|Any CPU.ActiveCfg = Release|Any CPU
		{E6CA5EE2-84DC-492B-BEBE-A88B93E38217}.Release|Any CPU.Build.0 = Release|Any CPU
		{8E34F2AA-64F4-4A4D-8523-4917F52DE994}.Debug|Any CPU.ActiveCfg = Debug|Any CPU
		{8E34F2AA-64F4-4A4D-8523-4917F52DE994}.Debug|Any CPU.Build.0 = Debug|Any CPU
		{8E34F2AA-64F4-4A4D-8523-4917F52DE994}.Release|Any CPU.ActiveCfg = Release|Any CPU
		{8E34F2AA-64F4-4A4D-8523-4917F52DE994}.Release|Any CPU.Build.0 = Release|Any CPU
		{F9A46479-B04B-4524-A771-D7BD32F90931}.Debug|Any CPU.ActiveCfg = Debug|Any CPU
		{F9A46479-B04B-4524-A771-D7BD32F90931}.Debug|Any CPU.Build.0 = Debug|Any CPU
		{F9A46479-B04B-4524-A771-D7BD32F90931}.Debug|Any CPU.Deploy.0 = Debug|Any CPU
		{F9A46479-B04B-4524-A771-D7BD32F90931}.Release|Any CPU.ActiveCfg = Release|Any CPU
		{F9A46479-B04B-4524-A771-D7BD32F90931}.Release|Any CPU.Build.0 = Release|Any CPU
		{F9A46479-B04B-4524-A771-D7BD32F90931}.Release|Any CPU.Deploy.0 = Release|Any CPU
	EndGlobalSection
	GlobalSection(SolutionProperties) = preSolution
		HideSolutionNode = FALSE
	EndGlobalSection
	GlobalSection(ExtensibilityGlobals) = postSolution
		SolutionGuid = {3B8F0F89-7D0C-4EF7-BCA6-C52D41A21DA9}
	EndGlobalSection
EndGlobal
